
Microsoft Visual Studio Solution File, Format Version 12.00
# Visual Studio 2012
Project("{FAE04EC0-301F-11D3-BF4B-00C04F79EFBC}") = "Main", "Main\Main.csproj", "{91D4854B-8F10-45E8-A6D2-B971E1FCD7C8}"
EndProject
Project("{FAE04EC0-301F-11D3-BF4B-00C04F79EFBC}") = "FIFA15", "FIFA2014\FIFA15.csproj", "{F50D9746-75B2-4416-82BF-C0C2B265B197}"
EndProject
Global
	GlobalSection(SolutionConfigurationPlatforms) = preSolution
		Debug|Any CPU = Debug|Any CPU
		Release|Any CPU = Release|Any CPU
	EndGlobalSection
	GlobalSection(ProjectConfigurationPlatforms) = postSolution
		{91D4854B-8F10-45E8-A6D2-B971E1FCD7C8}.Debug|Any CPU.ActiveCfg = Debug|Any CPU
		{91D4854B-8F10-45E8-A6D2-B971E1FCD7C8}.Debug|Any CPU.Build.0 = Debug|Any CPU
		{91D4854B-8F10-45E8-A6D2-B971E1FCD7C8}.Release|Any CPU.ActiveCfg = Release|Any CPU
		{91D4854B-8F10-45E8-A6D2-B971E1FCD7C8}.Release|Any CPU.Build.0 = Release|Any CPU
		{F50D9746-75B2-4416-82BF-C0C2B265B197}.Debug|Any CPU.ActiveCfg = Debug|Any CPU
		{F50D9746-75B2-4416-82BF-C0C2B265B197}.Debug|Any CPU.Build.0 = Debug|Any CPU
		{F50D9746-75B2-4416-82BF-C0C2B265B197}.Release|Any CPU.ActiveCfg = Release|Any CPU
		{F50D9746-75B2-4416-82BF-C0C2B265B197}.Release|Any CPU.Build.0 = Release|Any CPU
	EndGlobalSection
	GlobalSection(SolutionProperties) = preSolution
		HideSolutionNode = FALSE
	EndGlobalSection
EndGlobal
